<?xml version="1.0" encoding="utf-8"?>
<Project ToolsVersion="4.0" xmlns="http://schemas.microsoft.com/developer/msbuild/2003">
  <ItemGroup>
    <Filter Include="Source Files">
      <UniqueIdentifier>{4FC737F1-C7A5-4376-A066-2A32D752A2FF}</UniqueIdentifier>
      <Extensions>cpp;c;cc;cxx;def;odl;idl;hpj;bat;asm;asmx</Extensions>
    </Filter>
    <Filter Include="Source Files\Application">
      <UniqueIdentifier>{3260fb0f-8ed7-4bcb-a507-dcbd768197c5}</UniqueIdentifier>
    </Filter>
    <Filter Include="Source Files\Modules">
      <UniqueIdentifier>{d16ab9db-9938-4f11-8105-beb05718b15a}</UniqueIdentifier>
    </Filter>
    <Filter Include="Source Files\Util">
      <UniqueIdentifier>{597d1304-3637-4d24-82fd-e95adb08792e}</UniqueIdentifier>
    </Filter>
    <Filter Include="Source Files\Util\Scenes">
      <UniqueIdentifier>{8aff0d26-b8f4-4c02-a5b2-c55eab4ee073}</UniqueIdentifier>
    </Filter>
    <Filter Include="Source Files\Util\Enemies">
      <UniqueIdentifier>{6feab8f4-903f-42df-b489-09ba6b91b90f}</UniqueIdentifier>
    </Filter>
    <Filter Include="Source Files\Util\Obstacle">
      <UniqueIdentifier>{a32e3285-b3f9-4c3a-92d1-6511ff19ab59}</UniqueIdentifier>
    </Filter>
    <Filter Include="Source Files\Util\PowerUp">
      <UniqueIdentifier>{0003379a-6dd6-4952-9682-b91ac3616c5e}</UniqueIdentifier>
    </Filter>
  </ItemGroup>
  <ItemGroup>
    <ClInclude Include="Module.h">
      <Filter>Source Files\Modules</Filter>
    </ClInclude>
    <ClInclude Include="Application.h">
      <Filter>Source Files\Application</Filter>
    </ClInclude>
    <ClInclude Include="Globals.h">
      <Filter>Source Files\Application</Filter>
    </ClInclude>
    <ClInclude Include="ModuleWindow.h">
      <Filter>Source Files\Modules</Filter>
    </ClInclude>
    <ClInclude Include="ModuleRender.h">
      <Filter>Source Files\Modules</Filter>
    </ClInclude>
    <ClInclude Include="ModuleInput.h">
      <Filter>Source Files\Modules</Filter>
    </ClInclude>
    <ClInclude Include="ModuleTextures.h">
      <Filter>Source Files\Modules</Filter>
    </ClInclude>
    <ClInclude Include="ModuleScene.h">
      <Filter>Source Files\Modules</Filter>
    </ClInclude>
    <ClInclude Include="Animation.h">
      <Filter>Source Files\Util</Filter>
    </ClInclude>
    <ClInclude Include="Point.h">
      <Filter>Source Files\Util</Filter>
    </ClInclude>
    <ClInclude Include="Particle.h">
      <Filter>Source Files\Util</Filter>
    </ClInclude>
    <ClInclude Include="ModuleAudio.h">
      <Filter>Source Files\Modules</Filter>
    </ClInclude>
    <ClInclude Include="Collider.h">
      <Filter>Source Files\Util</Filter>
    </ClInclude>
    <ClInclude Include="ModuleCollisions.h">
      <Filter>Source Files\Modules</Filter>
    </ClInclude>
    <ClInclude Include="ModuleParticles.h">
      <Filter>Source Files\Modules</Filter>
    </ClInclude>
    <ClInclude Include="ModuleEnemy.h">
      <Filter>Source Files\Modules</Filter>
    </ClInclude>
    <ClInclude Include="ModuleEnemy.h">
      <Filter>Source Files\Modules</Filter>
    </ClInclude>
    <ClInclude Include="ModuleEnemyPool.h">
      <Filter>Source Files\Modules</Filter>
    </ClInclude>
    <ClInclude Include="Player.h">
      <Filter>Source Files\Util</Filter>
    </ClInclude>
    <ClInclude Include="Bomb.h">
      <Filter>Source Files\Util</Filter>
    </ClInclude>
    <ClInclude Include="Tile.h">
      <Filter>Source Files\Util</Filter>
    </ClInclude>
    <ClInclude Include="MemLeaks.h">
      <Filter>Source Files\Application</Filter>
    </ClInclude>
    <ClInclude Include="Scene.h">
      <Filter>Source Files\Util\Scenes</Filter>
    </ClInclude>
    <ClInclude Include="SceneMainTitle.h">
      <Filter>Source Files\Util\Scenes</Filter>
    </ClInclude>
    <ClInclude Include="SceneSelectArea.h">
      <Filter>Source Files\Util\Scenes</Filter>
    </ClInclude>
    <ClInclude Include="SceneSelectStage.h">
      <Filter>Source Files\Util\Scenes</Filter>
    </ClInclude>
    <ClInclude Include="SceneGameOver.h">
      <Filter>Source Files\Util\Scenes</Filter>
    </ClInclude>
    <ClInclude Include="SceneIntro.h">
      <Filter>Source Files\Util\Scenes</Filter>
    </ClInclude>
    <ClInclude Include="SceneLevel1.h">
      <Filter>Source Files\Util\Scenes</Filter>
    </ClInclude>
    <ClInclude Include="Text.h">
      <Filter>Source Files\Util</Filter>
    </ClInclude>
    <ClInclude Include="Bomb.h">
      <Filter>Source Files\Util\Obstacle</Filter>
    </ClInclude>
    <ClInclude Include="Coin.h">
      <Filter>Source Files\Util\Obstacle</Filter>
    </ClInclude>
    <ClInclude Include="CoreMecha.h">
      <Filter>Source Files\Util\Obstacle</Filter>
    </ClInclude>
    <ClInclude Include="GlassCapsule.h">
      <Filter>Source Files\Util\Obstacle</Filter>
    </ClInclude>
    <ClInclude Include="Obstacle.h">
      <Filter>Source Files\Util\Obstacle</Filter>
    </ClInclude>
    <ClInclude Include="RedFlower.h">
      <Filter>Source Files\Util\Obstacle</Filter>
    </ClInclude>
    <ClInclude Include="Stone.h">
      <Filter>Source Files\Util\Obstacle</Filter>
    </ClInclude>
    <ClInclude Include="YellowFlower.h">
      <Filter>Source Files\Util\Obstacle</Filter>
    </ClInclude>
    <ClInclude Include="PowerUp.h">
      <Filter>Source Files\Util\PowerUp</Filter>
    </ClInclude>
    <ClInclude Include="Text.h">
      <Filter>Source Files\Util</Filter>
    </ClInclude>
    <ClInclude Include="PokaPoka.h">
      <Filter>Source Files\Util\Enemies</Filter>
    </ClInclude>
  </ItemGroup>
  <ItemGroup>
    <ClCompile Include="Module.cpp">
      <Filter>Source Files\Modules</Filter>
    </ClCompile>
    <ClCompile Include="Application.cpp">
      <Filter>Source Files\Application</Filter>
    </ClCompile>
    <ClCompile Include="Main.cpp">
      <Filter>Source Files\Application</Filter>
    </ClCompile>
    <ClCompile Include="ModuleWindow.cpp">
      <Filter>Source Files\Modules</Filter>
    </ClCompile>
    <ClCompile Include="ModuleRender.cpp">
      <Filter>Source Files\Modules</Filter>
    </ClCompile>
    <ClCompile Include="Globals.cpp">
      <Filter>Source Files\Application</Filter>
    </ClCompile>
    <ClCompile Include="ModuleInput.cpp">
      <Filter>Source Files\Modules</Filter>
    </ClCompile>
    <ClCompile Include="ModuleTextures.cpp">
      <Filter>Source Files\Modules</Filter>
    </ClCompile>
    <ClCompile Include="ModuleScene.cpp">
      <Filter>Source Files\Modules</Filter>
    </ClCompile>
    <ClCompile Include="Particle.cpp">
      <Filter>Source Files\Util</Filter>
    </ClCompile>
    <ClCompile Include="ModuleAudio.cpp">
      <Filter>Source Files\Modules</Filter>
    </ClCompile>
    <ClCompile Include="Collider.cpp">
      <Filter>Source Files\Util</Filter>
    </ClCompile>
    <ClCompile Include="ModuleCollisions.cpp">
      <Filter>Source Files\Modules</Filter>
    </ClCompile>
    <ClCompile Include="ModuleParticles.cpp">
      <Filter>Source Files\Modules</Filter>
    </ClCompile>
    <ClCompile Include="ModuleEnemy.cpp">
      <Filter>Source Files\Modules</Filter>
    </ClCompile>
    <ClCompile Include="ModuleEnemy.cpp">
      <Filter>Source Files\Modules</Filter>
    </ClCompile>
    <ClCompile Include="ModuleEnemyPool.cpp">
      <Filter>Source Files\Modules</Filter>
    </ClCompile>
    <ClCompile Include="Player.cpp">
      <Filter>Source Files\Util</Filter>
    </ClCompile>
    <ClCompile Include="Bomb.cpp">
      <Filter>Source Files\Util</Filter>
    </ClCompile>
    <ClCompile Include="Tile.cpp">
      <Filter>Source Files\Util</Filter>
    </ClCompile>
    <ClCompile Include="Scene.cpp">
      <Filter>Source Files\Util\Scenes</Filter>
    </ClCompile>
    <ClCompile Include="SceneMainTitle.cpp">
      <Filter>Source Files\Util\Scenes</Filter>
    </ClCompile>
    <ClCompile Include="SceneSelectArea.cpp">
      <Filter>Source Files\Util\Scenes</Filter>
    </ClCompile>
    <ClCompile Include="SceneSelectStage.cpp">
      <Filter>Source Files\Util\Scenes</Filter>
    </ClCompile>
    <ClCompile Include="SceneGameOver.cpp">
      <Filter>Source Files\Util\Scenes</Filter>
    </ClCompile>
    <ClCompile Include="SceneIntro.cpp">
      <Filter>Source Files\Util\Scenes</Filter>
    </ClCompile>
    <ClCompile Include="SceneLevel1.cpp">
      <Filter>Source Files\Util\Scenes</Filter>
    </ClCompile>
    <ClCompile Include="Text.cpp">
      <Filter>Source Files\Util</Filter>
    </ClCompile>
    <ClCompile Include="Bomb.cpp">
      <Filter>Source Files\Util\Obstacle</Filter>
    </ClCompile>
    <ClCompile Include="Coin.cpp">
      <Filter>Source Files\Util\Obstacle</Filter>
    </ClCompile>
    <ClCompile Include="CoreMecha.cpp">
      <Filter>Source Files\Util\Obstacle</Filter>
    </ClCompile>
    <ClCompile Include="GlassCapsule.cpp">
      <Filter>Source Files\Util\Obstacle</Filter>
    </ClCompile>
    <ClCompile Include="Obstacle.cpp">
      <Filter>Source Files\Util\Obstacle</Filter>
    </ClCompile>
    <ClCompile Include="RedFlower.cpp">
      <Filter>Source Files\Util\Obstacle</Filter>
    </ClCompile>
    <ClCompile Include="Stone.cpp">
      <Filter>Source Files\Util\Obstacle</Filter>
    </ClCompile>
    <ClCompile Include="YellowFlower.cpp">
      <Filter>Source Files\Util\Obstacle</Filter>
    </ClCompile>
    <ClCompile Include="PowerUp.cpp">
      <Filter>Source Files\Util\PowerUp</Filter>
    </ClCompile>
    <ClCompile Include="Text.cpp">
      <Filter>Source Files\Util</Filter>
    </ClCompile>
    <ClCompile Include="PokaPoka.cpp">
      <Filter>Source Files\Util\Enemies</Filter>
    </ClCompile>
  </ItemGroup>
</Project>
